
Microsoft Visual Studio Solution File, Format Version 12.00
Project("{FAE04EC0-301F-11D3-BF4B-00C04F79EFBC}") = "NetTailor", "NetTailor\NetTailor.csproj", "{B3DAB2DE-5DCA-4B75-8EC5-0750DE276DF8}"
EndProject
Project("{2150E333-8FDC-42A3-9474-1A3956D46DE8}") = "Examples", "Examples", "{0E0445B8-37CF-4449-B18D-70361F5A9017}"
EndProject
Project("{2150E333-8FDC-42A3-9474-1A3956D46DE8}") = "Tests", "Tests", "{9F9E42C2-B7CF-4894-910C-5AFEE328D747}"
EndProject
Project("{FAE04EC0-301F-11D3-BF4B-00C04F79EFBC}") = "NetTailor.Tests", "Tests\NetTailor.Tests\NetTailor.Tests.csproj", "{D869990F-40A8-43DC-A628-D4027C90B248}"
EndProject
Project("{FAE04EC0-301F-11D3-BF4B-00C04F79EFBC}") = "NetTailor.Example", "Examples\NetTailor.Example\NetTailor.Example.csproj", "{BB923C58-F55E-4013-884A-0D1911F39C5A}"
EndProject
Project("{FAE04EC0-301F-11D3-BF4B-00C04F79EFBC}") = "NetTailor.ExampleApi", "Examples\NetTailor.ExampleApi\NetTailor.ExampleApi.csproj", "{F418D07A-B9C6-4332-9716-5DE65E2AC19D}"
EndProject
Global
	GlobalSection(SolutionConfigurationPlatforms) = preSolution
		Debug|Any CPU = Debug|Any CPU
		Release|Any CPU = Release|Any CPU
	EndGlobalSection
	GlobalSection(ProjectConfigurationPlatforms) = postSolution
		{B3DAB2DE-5DCA-4B75-8EC5-0750DE276DF8}.Debug|Any CPU.ActiveCfg = Debug|Any CPU
		{B3DAB2DE-5DCA-4B75-8EC5-0750DE276DF8}.Debug|Any CPU.Build.0 = Debug|Any CPU
		{B3DAB2DE-5DCA-4B75-8EC5-0750DE276DF8}.Release|Any CPU.ActiveCfg = Release|Any CPU
		{B3DAB2DE-5DCA-4B75-8EC5-0750DE276DF8}.Release|Any CPU.Build.0 = Release|Any CPU
		{D869990F-40A8-43DC-A628-D4027C90B248}.Debug|Any CPU.ActiveCfg = Debug|Any CPU
		{D869990F-40A8-43DC-A628-D4027C90B248}.Debug|Any CPU.Build.0 = Debug|Any CPU
		{D869990F-40A8-43DC-A628-D4027C90B248}.Release|Any CPU.ActiveCfg = Release|Any CPU
		{D869990F-40A8-43DC-A628-D4027C90B248}.Release|Any CPU.Build.0 = Release|Any CPU
		{BB923C58-F55E-4013-884A-0D1911F39C5A}.Debug|Any CPU.ActiveCfg = Debug|Any CPU
		{BB923C58-F55E-4013-884A-0D1911F39C5A}.Debug|Any CPU.Build.0 = Debug|Any CPU
		{BB923C58-F55E-4013-884A-0D1911F39C5A}.Release|Any CPU.ActiveCfg = Release|Any CPU
		{BB923C58-F55E-4013-884A-0D1911F39C5A}.Release|Any CPU.Build.0 = Release|Any CPU
		{F418D07A-B9C6-4332-9716-5DE65E2AC19D}.Debug|Any CPU.ActiveCfg = Debug|Any CPU
		{F418D07A-B9C6-4332-9716-5DE65E2AC19D}.Debug|Any CPU.Build.0 = Debug|Any CPU
		{F418D07A-B9C6-4332-9716-5DE65E2AC19D}.Release|Any CPU.ActiveCfg = Release|Any CPU
		{F418D07A-B9C6-4332-9716-5DE65E2AC19D}.Release|Any CPU.Build.0 = Release|Any CPU
	EndGlobalSection
	GlobalSection(NestedProjects) = preSolution
		{D869990F-40A8-43DC-A628-D4027C90B248} = {9F9E42C2-B7CF-4894-910C-5AFEE328D747}
		{BB923C58-F55E-4013-884A-0D1911F39C5A} = {0E0445B8-37CF-4449-B18D-70361F5A9017}
		{F418D07A-B9C6-4332-9716-5DE65E2AC19D} = {0E0445B8-37CF-4449-B18D-70361F5A9017}
	EndGlobalSection
EndGlobal
